{
  "name": "gba_headless",
  "version": "1.0.0",
  "lockfileVersion": 3,
  "requires": true,
  "packages": {
    "": {
      "name": "gba_headless",
      "version": "1.0.0",
      "license": "ISC",
      "dependencies": {
        "@gba-kit/gba-node": "^0.5.0"
      }
    },
    "node_modules/@gba-kit/arm-emulator": {
      "version": "0.5.0",
      "resolved": "https://registry.npmjs.org/@gba-kit/arm-emulator/-/arm-emulator-0.5.0.tgz",
      "integrity": "sha512-TFJ+vMO10xQY1I4Mnks94t1F8/C8yTA4T+G6UAIcQyOFoPJiUtztfLnMU5fSOwT6cUwhf2tqmSPZOx5kFtTVZA==",
      "license": "MIT"
    },
    "node_modules/@gba-kit/debug-info": {
      "version": "0.5.0",
      "resolved": "https://registry.npmjs.org/@gba-kit/debug-info/-/debug-info-0.5.0.tgz",
      "integrity": "sha512-VxSCtktC5+AEEPtZsKCXx+gXkPtjvVJhV74ZTsN+KdiChs5Ys+8xc+LB7eAHIhdD4dIqCHRseA6OIplcAjs5EQ==",
      "license": "MIT"
    },
    "node_modules/@gba-kit/gba-emulator": {
      "version": "0.5.0",
      "resolved": "https://registry.npmjs.org/@gba-kit/gba-emulator/-/gba-emulator-0.5.0.tgz",
      "integrity": "sha512-IysOkfr+RBnZY6JlAusW17sqTjgzQ3Szog39ewWBAVMg7K3+OVBWEdE3ZcsMRYSnLiXH+PFIFTzQtR3rPOC0Bw==",
      "license": "MIT",
      "dependencies": {
        "@gba-kit/arm-emulator": "0.5.0",
        "@gba-kit/debug-info": "0.5.0"
      }
    },
    "node_modules/@gba-kit/gba-node": {
      "version": "0.5.0",
      "resolved": "https://registry.npmjs.org/@gba-kit/gba-node/-/gba-node-0.5.0.tgz",
      "integrity": "sha512-7zTCGxZ/kaSZcj+ZfPhF4MhUSWdn59OQnIil57BjWKqTvNfqevmTSU94D21HgBmA42xBMx0TklpgnajnkiKHHg==",
      "license": "MIT",
      "dependencies": {
        "@gba-kit/arm-emulator": "0.5.0",
        "@gba-kit/gba-emulator": "0.5.0",
        "fast-png": "^8.0.0"
      }
    },
    "node_modules/fast-png": {
      "version": "8.0.0",
      "resolved": "https://registry.npmjs.org/fast-png/-/fast-png-8.0.0.tgz",
      "integrity": "sha512-gCysNasJ8KEMgfdYIKd/wTDo6ENK1PWT0RJO7O+0pgmuHPw2O6tA1WvdxFRJoLf9V8yFYpG0FA1YgI8X97OhJA==",
      "license": "MIT",
      "dependencies": {
        "fflate": "^0.8.2",
        "iobuffer": "^6.0.1"
      }
    },
    "node_modules/fflate": {
      "version": "0.8.3",
      "resolved": "https://registry.npmjs.org/fflate/-/fflate-0.8.3.tgz",
      "integrity": "sha512-tbZNuJrLwGUp3zshBtdy4W+ORxZuIh8a5ilyIEQDC5rY1f3U20JMry0Ll3WBzU58EZKsEuJFXhb5gwv8CsPvgA==",
      "license": "MIT"
    },
    "node_modules/iobuffer": {
      "version": "6.0.1",
      "resolved": "https://registry.npmjs.org/iobuffer/-/iobuffer-6.0.1.tgz",
      "integrity": "sha512-SZWYkWNfjIXIBYSDpXDYIgshqtbOPsi4lviawAEceR1Kqk+sHDlcQjWrzNQsii80AyBY0q5c8HCTNjqo74ul+Q==",
      "license": "MIT"
    }
  }
}
